{
  "name": "phantom-css",
  "lockfileVersion": 3,
  "requires": true,
  "packages": {
    "": {
      "name": "phantom-css",
      "workspaces": [
        "packages/*"
      ]
    },
    "node_modules/@jarir2020/phantom-css": {
      "resolved": "packages/phantom-css",
      "link": true
    },
    "node_modules/@phantom-css/adapters": {
      "resolved": "packages/adapters",
      "link": true
    },
    "node_modules/@phantom-css/cli": {
      "resolved": "packages/cli",
      "link": true
    },
    "node_modules/@phantom-css/core": {
      "resolved": "packages/core",
      "link": true
    },
    "node_modules/@phantom-css/presets": {
      "resolved": "packages/presets",
      "link": true
    },
    "node_modules/@phantom-css/web": {
      "resolved": "packages/web",
      "link": true
    },
    "packages/adapters": {
      "name": "@phantom-css/adapters",
      "version": "0.1.1",
      "dependencies": {
        "@phantom-css/core": "0.1.0"
      }
    },
    "packages/adapters/node_modules/@phantom-css/core": {
      "version": "0.1.0",
      "resolved": "https://registry.npmjs.org/@phantom-css/core/-/core-0.1.0.tgz",
      "integrity": "sha512-OtP1hfHAGwMytN8FSDOnOUlSm+3lEerw1AmWsd4swdhMga5zE4wExwsHmF71f2vOmGYBbBkChWjuaJplOdXKvw=="
    },
    "packages/cli": {
      "name": "@phantom-css/cli",
      "version": "0.1.2",
      "dependencies": {
        "@phantom-css/adapters": "0.1.1",
        "@phantom-css/core": "0.1.1",
        "@phantom-css/presets": "0.1.1",
        "@phantom-css/web": "0.1.1"
      },
      "bin": {
        "phantom": "src/index.js"
      }
    },
    "packages/core": {
      "name": "@phantom-css/core",
      "version": "0.1.1"
    },
    "packages/phantom-css": {
      "name": "@jarir2020/phantom-css",
      "version": "0.1.2",
      "dependencies": {
        "@phantom-css/adapters": "0.1.1",
        "@phantom-css/cli": "0.1.2",
        "@phantom-css/core": "0.1.1",
        "@phantom-css/presets": "0.1.1",
        "@phantom-css/web": "0.1.1"
      },
      "bin": {
        "phantom": "bin/phantom.js",
        "phantom-css": "bin/phantom.js"
      }
    },
    "packages/presets": {
      "name": "@phantom-css/presets",
      "version": "0.1.1",
      "dependencies": {
        "@phantom-css/core": "0.1.0"
      }
    },
    "packages/presets/node_modules/@phantom-css/core": {
      "version": "0.1.0",
      "resolved": "https://registry.npmjs.org/@phantom-css/core/-/core-0.1.0.tgz",
      "integrity": "sha512-OtP1hfHAGwMytN8FSDOnOUlSm+3lEerw1AmWsd4swdhMga5zE4wExwsHmF71f2vOmGYBbBkChWjuaJplOdXKvw=="
    },
    "packages/web": {
      "name": "@phantom-css/web",
      "version": "0.1.1",
      "dependencies": {
        "@phantom-css/adapters": "0.1.0",
        "@phantom-css/core": "0.1.0",
        "@phantom-css/presets": "0.1.0"
      }
    },
    "packages/web/node_modules/@phantom-css/adapters": {
      "version": "0.1.0",
      "resolved": "https://registry.npmjs.org/@phantom-css/adapters/-/adapters-0.1.0.tgz",
      "integrity": "sha512-AJ7j4bD1V4/MY+qBs8IREtDx9/IRqiMqx7Z0sl8YXPu7wI8USC4HfuwKjxCQwBbOUX9ILRquAJGSE51/tAga5g==",
      "dependencies": {
        "@phantom-css/core": "0.1.0"
      }
    },
    "packages/web/node_modules/@phantom-css/core": {
      "version": "0.1.0",
      "resolved": "https://registry.npmjs.org/@phantom-css/core/-/core-0.1.0.tgz",
      "integrity": "sha512-OtP1hfHAGwMytN8FSDOnOUlSm+3lEerw1AmWsd4swdhMga5zE4wExwsHmF71f2vOmGYBbBkChWjuaJplOdXKvw=="
    },
    "packages/web/node_modules/@phantom-css/presets": {
      "version": "0.1.0",
      "resolved": "https://registry.npmjs.org/@phantom-css/presets/-/presets-0.1.0.tgz",
      "integrity": "sha512-o41WBluTMBzE2VAiV/eCIJ+CHOQsErHsWMnH/LdNCm+irAdC2eMF73j6sEpH85NUlU+LGaS5ul3sI/5ImXlTgw==",
      "dependencies": {
        "@phantom-css/core": "0.1.0"
      }
    }
  }
}
